
Microsoft Visual Studio Solution File, Format Version 12.00
# Visual Studio Version 16
VisualStudioVersion = 16.0.29806.167
MinimumVisualStudioVersion = 10.0.40219.1
Project("{9A19103F-16F7-4668-BE54-9A1E7A4F7556}") = "StrongQuiz.Web", "StrongQuiz.Web\StrongQuiz.Web.csproj", "{5D6284FB-AA44-4698-B71A-1C16EFEA2D4E}"
EndProject
Project("{FAE04EC0-301F-11D3-BF4B-00C04F79EFBC}") = "StrongQuiz.Models", "StrongQuiz.Models\StrongQuiz.Models.csproj", "{2A4BA934-3651-4EC7-9271-1A99F86D28FE}"
EndProject
Project("{FAE04EC0-301F-11D3-BF4B-00C04F79EFBC}") = "StrongQuiz.API", "StrongQuiz.API\StrongQuiz.API.csproj", "{C506BE45-CFF2-4929-8BB4-05C2F7866664}"
EndProject
Global
	GlobalSection(SolutionConfigurationPlatforms) = preSolution
		Debug|Any CPU = Debug|Any CPU
		Release|Any CPU = Release|Any CPU
	EndGlobalSection
	GlobalSection(ProjectConfigurationPlatforms) = postSolution
		{5D6284FB-AA44-4698-B71A-1C16EFEA2D4E}.Debug|Any CPU.ActiveCfg = Debug|Any CPU
		{5D6284FB-AA44-4698-B71A-1C16EFEA2D4E}.Debug|Any CPU.Build.0 = Debug|Any CPU
		{5D6284FB-AA44-4698-B71A-1C16EFEA2D4E}.Release|Any CPU.ActiveCfg = Release|Any CPU
		{5D6284FB-AA44-4698-B71A-1C16EFEA2D4E}.Release|Any CPU.Build.0 = Release|Any CPU
		{2A4BA934-3651-4EC7-9271-1A99F86D28FE}.Debug|Any CPU.ActiveCfg = Debug|Any CPU
		{2A4BA934-3651-4EC7-9271-1A99F86D28FE}.Debug|Any CPU.Build.0 = Debug|Any CPU
		{2A4BA934-3651-4EC7-9271-1A99F86D28FE}.Release|Any CPU.ActiveCfg = Release|Any CPU
		{2A4BA934-3651-4EC7-9271-1A99F86D28FE}.Release|Any CPU.Build.0 = Release|Any CPU
		{C506BE45-CFF2-4929-8BB4-05C2F7866664}.Debug|Any CPU.ActiveCfg = Debug|Any CPU
		{C506BE45-CFF2-4929-8BB4-05C2F7866664}.Debug|Any CPU.Build.0 = Debug|Any CPU
		{C506BE45-CFF2-4929-8BB4-05C2F7866664}.Release|Any CPU.ActiveCfg = Release|Any CPU
		{C506BE45-CFF2-4929-8BB4-05C2F7866664}.Release|Any CPU.Build.0 = Release|Any CPU
	EndGlobalSection
	GlobalSection(SolutionProperties) = preSolution
		HideSolutionNode = FALSE
	EndGlobalSection
	GlobalSection(ExtensibilityGlobals) = postSolution
		SolutionGuid = {A183FCE1-4413-4788-9915-2A08D9D7141B}
	EndGlobalSection
EndGlobal
